
Microsoft Visual Studio Solution File, Format Version 12.00
# Visual Studio Version 17
VisualStudioVersion = 17.2.32519.379
MinimumVisualStudioVersion = 10.0.40219.1
Project("{FAE04EC0-301F-11D3-BF4B-00C04F79EFBC}") = "TvSubscription", "TvSubscription\TvSubscription.csproj", "{C24D0573-2CCE-4C06-A0A5-57CFE9C2A41F}"
EndProject
Global
	GlobalSection(SolutionConfigurationPlatforms) = preSolution
		Debug|Any CPU = Debug|Any CPU
		Release|Any CPU = Release|Any CPU
	EndGlobalSection
	GlobalSection(ProjectConfigurationPlatforms) = postSolution
		{C24D0573-2CCE-4C06-A0A5-57CFE9C2A41F}.Debug|Any CPU.ActiveCfg = Debug|Any CPU
		{C24D0573-2CCE-4C06-A0A5-57CFE9C2A41F}.Debug|Any CPU.Build.0 = Debug|Any CPU
		{C24D0573-2CCE-4C06-A0A5-57CFE9C2A41F}.Release|Any CPU.ActiveCfg = Release|Any CPU
		{C24D0573-2CCE-4C06-A0A5-57CFE9C2A41F}.Release|Any CPU.Build.0 = Release|Any CPU
	EndGlobalSection
	GlobalSection(SolutionProperties) = preSolution
		HideSolutionNode = FALSE
	EndGlobalSection
	GlobalSection(ExtensibilityGlobals) = postSolution
		SolutionGuid = {32CF95DA-DF79-49D9-A0F2-62201D023DD4}
	EndGlobalSection
EndGlobal
