
Microsoft Visual Studio Solution File, Format Version 12.00
# Visual Studio Version 17
VisualStudioVersion = 17.2.32519.379
MinimumVisualStudioVersion = 10.0.40219.1
Project("{FAE04EC0-301F-11D3-BF4B-00C04F79EFBC}") = "Tv", "Tv\Tv.csproj", "{71890F15-534B-43F0-BFF9-3E00F5D9DD1D}"
EndProject
Global
	GlobalSection(SolutionConfigurationPlatforms) = preSolution
		Debug|Any CPU = Debug|Any CPU
		Release|Any CPU = Release|Any CPU
	EndGlobalSection
	GlobalSection(ProjectConfigurationPlatforms) = postSolution
		{71890F15-534B-43F0-BFF9-3E00F5D9DD1D}.Debug|Any CPU.ActiveCfg = Debug|Any CPU
		{71890F15-534B-43F0-BFF9-3E00F5D9DD1D}.Debug|Any CPU.Build.0 = Debug|Any CPU
		{71890F15-534B-43F0-BFF9-3E00F5D9DD1D}.Release|Any CPU.ActiveCfg = Release|Any CPU
		{71890F15-534B-43F0-BFF9-3E00F5D9DD1D}.Release|Any CPU.Build.0 = Release|Any CPU
	EndGlobalSection
	GlobalSection(SolutionProperties) = preSolution
		HideSolutionNode = FALSE
	EndGlobalSection
	GlobalSection(ExtensibilityGlobals) = postSolution
		SolutionGuid = {5EBF8EDC-BC7A-40ED-B135-C3A6C70BB601}
	EndGlobalSection
EndGlobal
